
Microsoft Visual Studio Solution File, Format Version 12.00
# Visual Studio Version 16
VisualStudioVersion = 16.0.30523.141
MinimumVisualStudioVersion = 10.0.40219.1
Project("{2150E333-8FDC-42A3-9474-1A3956D46DE8}") = "Protos", "Protos", "{A413E1D4-B577-4A7D-BC14-F98F99475336}"
	ProjectSection(SolutionItems) = preProject
		calculator.proto = calculator.proto
	EndProjectSection
EndProject
Project("{FAE04EC0-301F-11D3-BF4B-00C04F79EFBC}") = "FindMaximumAPI.Client", "FindMaximumAPI.Client\FindMaximumAPI.Client.csproj", "{78FF7E81-223A-4068-A615-22B95946D6FD}"
EndProject
Project("{FAE04EC0-301F-11D3-BF4B-00C04F79EFBC}") = "FindMaximumAPI.Server", "FindMaximumAPI.Server\FindMaximumAPI.Server.csproj", "{1516A128-2136-4779-A804-EC2A5FCC66BD}"
EndProject
Global
	GlobalSection(SolutionConfigurationPlatforms) = preSolution
		Debug|Any CPU = Debug|Any CPU
		Release|Any CPU = Release|Any CPU
	EndGlobalSection
	GlobalSection(ProjectConfigurationPlatforms) = postSolution
		{78FF7E81-223A-4068-A615-22B95946D6FD}.Debug|Any CPU.ActiveCfg = Debug|Any CPU
		{78FF7E81-223A-4068-A615-22B95946D6FD}.Debug|Any CPU.Build.0 = Debug|Any CPU
		{78FF7E81-223A-4068-A615-22B95946D6FD}.Release|Any CPU.ActiveCfg = Release|Any CPU
		{78FF7E81-223A-4068-A615-22B95946D6FD}.Release|Any CPU.Build.0 = Release|Any CPU
		{1516A128-2136-4779-A804-EC2A5FCC66BD}.Debug|Any CPU.ActiveCfg = Debug|Any CPU
		{1516A128-2136-4779-A804-EC2A5FCC66BD}.Debug|Any CPU.Build.0 = Debug|Any CPU
		{1516A128-2136-4779-A804-EC2A5FCC66BD}.Release|Any CPU.ActiveCfg = Release|Any CPU
		{1516A128-2136-4779-A804-EC2A5FCC66BD}.Release|Any CPU.Build.0 = Release|Any CPU
	EndGlobalSection
	GlobalSection(SolutionProperties) = preSolution
		HideSolutionNode = FALSE
	EndGlobalSection
	GlobalSection(ExtensibilityGlobals) = postSolution
		SolutionGuid = {3EC73878-B475-4977-9419-ACD8F71C76FA}
	EndGlobalSection
EndGlobal
